
Microsoft Visual Studio Solution File, Format Version 12.00
# Visual Studio Version 16
VisualStudioVersion = 16.0.29001.49
MinimumVisualStudioVersion = 10.0.40219.1
Project("{FAE04EC0-301F-11D3-BF4B-00C04F79EFBC}") = "InterestApplication", "InterestApplication.csproj", "{B8510378-3770-4C3C-AF6B-1D6215617A79}"
EndProject
Global
	GlobalSection(SolutionConfigurationPlatforms) = preSolution
		Debug|Any CPU = Debug|Any CPU
		Release|Any CPU = Release|Any CPU
	EndGlobalSection
	GlobalSection(ProjectConfigurationPlatforms) = postSolution
		{B8510378-3770-4C3C-AF6B-1D6215617A79}.Debug|Any CPU.ActiveCfg = Debug|Any CPU
		{B8510378-3770-4C3C-AF6B-1D6215617A79}.Debug|Any CPU.Build.0 = Debug|Any CPU
		{B8510378-3770-4C3C-AF6B-1D6215617A79}.Debug|Any CPU.Deploy.0 = Debug|Any CPU
		{B8510378-3770-4C3C-AF6B-1D6215617A79}.Release|Any CPU.ActiveCfg = Release|Any CPU
		{B8510378-3770-4C3C-AF6B-1D6215617A79}.Release|Any CPU.Build.0 = Release|Any CPU
		{B8510378-3770-4C3C-AF6B-1D6215617A79}.Release|Any CPU.Deploy.0 = Release|Any CPU
	EndGlobalSection
	GlobalSection(SolutionProperties) = preSolution
		HideSolutionNode = FALSE
	EndGlobalSection
	GlobalSection(ExtensibilityGlobals) = postSolution
		SolutionGuid = {26C8D047-62E7-4F40-B103-F63AFDA275F5}
	EndGlobalSection
EndGlobal
